
Microsoft Visual Studio Solution File, Format Version 12.00
# Visual Studio Version 16
VisualStudioVersion = 16.0.30621.155
MinimumVisualStudioVersion = 10.0.40219.1
Project("{FAE04EC0-301F-11D3-BF4B-00C04F79EFBC}") = "WpfApp2", "WpfApp2\WpfApp2.csproj", "{C4113FF0-47AD-4F5E-B115-87508A618A75}"
EndProject
Global
	GlobalSection(SolutionConfigurationPlatforms) = preSolution
		Debug|Any CPU = Debug|Any CPU
		Release|Any CPU = Release|Any CPU
	EndGlobalSection
	GlobalSection(ProjectConfigurationPlatforms) = postSolution
		{C4113FF0-47AD-4F5E-B115-87508A618A75}.Debug|Any CPU.ActiveCfg = Debug|Any CPU
		{C4113FF0-47AD-4F5E-B115-87508A618A75}.Debug|Any CPU.Build.0 = Debug|Any CPU
		{C4113FF0-47AD-4F5E-B115-87508A618A75}.Release|Any CPU.ActiveCfg = Release|Any CPU
		{C4113FF0-47AD-4F5E-B115-87508A618A75}.Release|Any CPU.Build.0 = Release|Any CPU
	EndGlobalSection
	GlobalSection(SolutionProperties) = preSolution
		HideSolutionNode = FALSE
	EndGlobalSection
	GlobalSection(ExtensibilityGlobals) = postSolution
		SolutionGuid = {F0E9A582-5346-4888-A9B1-AE0F306ACB0A}
	EndGlobalSection
EndGlobal
